// !$*UTF8*$!
{
	archiveVersion = 1;
	classes = {
	};
	objectVersion = 46;
	objects = {

/* Begin PBXBuildFile section */
		04CB7A82186C368C00F473E9 /* StringUtil.m in Sources */ = {isa = PBXBuildFile; fileRef = 04CB7A80186C368C00F473E9 /* StringUtil.m */; };
		B33BCEA017C99F0F00C45821 /* UIKit.framework in Frameworks */ = {isa = PBXBuildFile; fileRef = B33BCE9F17C99F0F00C45821 /* UIKit.framework */; };
		B33BCEA217C99F0F00C45821 /* Foundation.framework in Frameworks */ = {isa = PBXBuildFile; fileRef = B33BCEA117C99F0F00C45821 /* Foundation.framework */; };
		B33BCEA417C99F0F00C45821 /* CoreGraphics.framework in Frameworks */ = {isa = PBXBuildFile; fileRef = B33BCEA317C99F0F00C45821 /* CoreGraphics.framework */; };
		B33BCEAA17C99F0F00C45821 /* InfoPlist.strings in Resources */ = {isa = PBXBuildFile; fileRef = B33BCEA817C99F0F00C45821 /* InfoPlist.strings */; };
		B33BCEAC17C99F0F00C45821 /* main.m in Sources */ = {isa = PBXBuildFile; fileRef = B33BCEAB17C99F0F00C45821 /* main.m */; };
		B33BCEB017C99F0F00C45821 /* AppDelegate.m in Sources */ = {isa = PBXBuildFile; fileRef = B33BCEAF17C99F0F00C45821 /* AppDelegate.m */; };
		B33BCEB217C99F0F00C45821 /* Default.png in Resources */ = {isa = PBXBuildFile; fileRef = B33BCEB117C99F0F00C45821 /* Default.png */; };
		B33BCEB417C99F0F00C45821 /* Default@2x.png in Resources */ = {isa = PBXBuildFile; fileRef = B33BCEB317C99F0F00C45821 /* Default@2x.png */; };
		B33BCEB617C99F0F00C45821 /* Default-568h@2x.png in Resources */ = {isa = PBXBuildFile; fileRef = B33BCEB517C99F0F00C45821 /* Default-568h@2x.png */; };
		B33BCEB917C99F0F00C45821 /* MainStoryboard.storyboard in Resources */ = {isa = PBXBuildFile; fileRef = B33BCEB717C99F0F00C45821 /* MainStoryboard.storyboard */; };
		B33BCEBC17C99F0F00C45821 /* ViewController.m in Sources */ = {isa = PBXBuildFile; fileRef = B33BCEBB17C99F0F00C45821 /* ViewController.m */; };
		B33BCEC717C99F6300C45821 /* DateUtil.m in Sources */ = {isa = PBXBuildFile; fileRef = B33BCEC417C99F6300C45821 /* DateUtil.m */; };
		B33BCECF17C9A25F00C45821 /* ColorUtil.m in Sources */ = {isa = PBXBuildFile; fileRef = B33BCECE17C9A25F00C45821 /* ColorUtil.m */; };
		B3FE253317CCC89200BC81AF /* AttentionUtil.m in Sources */ = {isa = PBXBuildFile; fileRef = B3FE253217CCC89200BC81AF /* AttentionUtil.m */; };
/* End PBXBuildFile section */

/* Begin PBXFileReference section */
		04CB7A80186C368C00F473E9 /* StringUtil.m */ = {isa = PBXFileReference; fileEncoding = 4; lastKnownFileType = sourcecode.c.objc; path = StringUtil.m; sourceTree = "<group>"; };
		04CB7A81186C368C00F473E9 /* StringUtil.h */ = {isa = PBXFileReference; fileEncoding = 4; lastKnownFileType = sourcecode.c.h; path = StringUtil.h; sourceTree = "<group>"; };
		B33BCE9C17C99F0F00C45821 /* MyUtils.app */ = {isa = PBXFileReference; explicitFileType = wrapper.application; includeInIndex = 0; path = MyUtils.app; sourceTree = BUILT_PRODUCTS_DIR; };
		B33BCE9F17C99F0F00C45821 /* UIKit.framework */ = {isa = PBXFileReference; lastKnownFileType = wrapper.framework; name = UIKit.framework; path = System/Library/Frameworks/UIKit.framework; sourceTree = SDKROOT; };
		B33BCEA117C99F0F00C45821 /* Foundation.framework */ = {isa = PBXFileReference; lastKnownFileType = wrapper.framework; name = Foundation.framework; path = System/Library/Frameworks/Foundation.framework; sourceTree = SDKROOT; };
		B33BCEA317C99F0F00C45821 /* CoreGraphics.framework */ = {isa = PBXFileReference; lastKnownFileType = wrapper.framework; name = CoreGraphics.framework; path = System/Library/Frameworks/CoreGraphics.framework; sourceTree = SDKROOT; };
		B33BCEA717C99F0F00C45821 /* MyUtils-Info.plist */ = {isa = PBXFileReference; lastKnownFileType = text.plist.xml; path = "MyUtils-Info.plist"; sourceTree = "<group>"; };
		B33BCEA917C99F0F00C45821 /* en */ = {isa = PBXFileReference; lastKnownFileType = text.plist.strings; name = en; path = en.lproj/InfoPlist.strings; sourceTree = "<group>"; };
		B33BCEAB17C99F0F00C45821 /* main.m */ = {isa = PBXFileReference; lastKnownFileType = sourcecode.c.objc; path = main.m; sourceTree = "<group>"; };
		B33BCEAD17C99F0F00C45821 /* MyUtils-Prefix.pch */ = {isa = PBXFileReference; lastKnownFileType = sourcecode.c.h; path = "MyUtils-Prefix.pch"; sourceTree = "<group>"; };
		B33BCEAE17C99F0F00C45821 /* AppDelegate.h */ = {isa = PBXFileReference; lastKnownFileType = sourcecode.c.h; path = AppDelegate.h; sourceTree = "<group>"; };
		B33BCEAF17C99F0F00C45821 /* AppDelegate.m */ = {isa = PBXFileReference; lastKnownFileType = sourcecode.c.objc; path = AppDelegate.m; sourceTree = "<group>"; };
		B33BCEB117C99F0F00C45821 /* Default.png */ = {isa = PBXFileReference; lastKnownFileType = image.png; path = Default.png; sourceTree = "<group>"; };
		B33BCEB317C99F0F00C45821 /* Default@2x.png */ = {isa = PBXFileReference; lastKnownFileType = image.png; path = "Default@2x.png"; sourceTree = "<group>"; };
		B33BCEB517C99F0F00C45821 /* Default-568h@2x.png */ = {isa = PBXFileReference; lastKnownFileType = image.png; path = "Default-568h@2x.png"; sourceTree = "<group>"; };
		B33BCEB817C99F0F00C45821 /* en */ = {isa = PBXFileReference; lastKnownFileType = file.storyboard; name = en; path = en.lproj/MainStoryboard.storyboard; sourceTree = "<group>"; };
		B33BCEBA17C99F0F00C45821 /* ViewController.h */ = {isa = PBXFileReference; lastKnownFileType = sourcecode.c.h; path = ViewController.h; sourceTree = "<group>"; };
		B33BCEBB17C99F0F00C45821 /* ViewController.m */ = {isa = PBXFileReference; lastKnownFileType = sourcecode.c.objc; path = ViewController.m; sourceTree = "<group>"; };
		B33BCEC317C99F6300C45821 /* DateUtil.h */ = {isa = PBXFileReference; fileEncoding = 4; lastKnownFileType = sourcecode.c.h; path = DateUtil.h; sourceTree = "<group>"; };
		B33BCEC417C99F6300C45821 /* DateUtil.m */ = {isa = PBXFileReference; fileEncoding = 4; lastKnownFileType = sourcecode.c.objc; path = DateUtil.m; sourceTree = "<group>"; };
		B33BCECD17C9A25F00C45821 /* ColorUtil.h */ = {isa = PBXFileReference; fileEncoding = 4; lastKnownFileType = sourcecode.c.h; path = ColorUtil.h; sourceTree = "<group>"; };
		B33BCECE17C9A25F00C45821 /* ColorUtil.m */ = {isa = PBXFileReference; fileEncoding = 4; lastKnownFileType = sourcecode.c.objc; path = ColorUtil.m; sourceTree = "<group>"; };
		B3FE253117CCC89200BC81AF /* AttentionUtil.h */ = {isa = PBXFileReference; fileEncoding = 4; lastKnownFileType = sourcecode.c.h; path = AttentionUtil.h; sourceTree = "<group>"; };
		B3FE253217CCC89200BC81AF /* AttentionUtil.m */ = {isa = PBXFileReference; fileEncoding = 4; lastKnownFileType = sourcecode.c.objc; path = AttentionUtil.m; sourceTree = "<group>"; };
/* End PBXFileReference section */

/* Begin PBXFrameworksBuildPhase section */
		B33BCE9917C99F0F00C45821 /* Frameworks */ = {
			isa = PBXFrameworksBuildPhase;
			buildActionMask = 2147483647;
			files = (
				B33BCEA017C99F0F00C45821 /* UIKit.framework in Frameworks */,
				B33BCEA217C99F0F00C45821 /* Foundation.framework in Frameworks */,
				B33BCEA417C99F0F00C45821 /* CoreGraphics.framework in Frameworks */,
			);
			runOnlyForDeploymentPostprocessing = 0;
		};
/* End PBXFrameworksBuildPhase section */

/* Begin PBXGroup section */
		B33BCE9317C99F0F00C45821 = {
			isa = PBXGroup;
			children = (
				B33BCEA517C99F0F00C45821 /* MyUtils */,
				B33BCE9E17C99F0F00C45821 /* Frameworks */,
				B33BCE9D17C99F0F00C45821 /* Products */,
			);
			sourceTree = "<group>";
		};
		B33BCE9D17C99F0F00C45821 /* Products */ = {
			isa = PBXGroup;
			children = (
				B33BCE9C17C99F0F00C45821 /* MyUtils.app */,
			);
			name = Products;
			sourceTree = "<group>";
		};
		B33BCE9E17C99F0F00C45821 /* Frameworks */ = {
			isa = PBXGroup;
			children = (
				B33BCE9F17C99F0F00C45821 /* UIKit.framework */,
				B33BCEA117C99F0F00C45821 /* Foundation.framework */,
				B33BCEA317C99F0F00C45821 /* CoreGraphics.framework */,
			);
			name = Frameworks;
			sourceTree = "<group>";
		};
		B33BCEA517C99F0F00C45821 /* MyUtils */ = {
			isa = PBXGroup;
			children = (
				B33BCEC217C99F3100C45821 /* MyUtils */,
				B33BCEAE17C99F0F00C45821 /* AppDelegate.h */,
				B33BCEAF17C99F0F00C45821 /* AppDelegate.m */,
				B33BCEB717C99F0F00C45821 /* MainStoryboard.storyboard */,
				B33BCEBA17C99F0F00C45821 /* ViewController.h */,
				B33BCEBB17C99F0F00C45821 /* ViewController.m */,
				B33BCEA617C99F0F00C45821 /* Supporting Files */,
			);
			path = MyUtils;
			sourceTree = "<group>";
		};
		B33BCEA617C99F0F00C45821 /* Supporting Files */ = {
			isa = PBXGroup;
			children = (
				B33BCEA717C99F0F00C45821 /* MyUtils-Info.plist */,
				B33BCEA817C99F0F00C45821 /* InfoPlist.strings */,
				B33BCEAB17C99F0F00C45821 /* main.m */,
				B33BCEAD17C99F0F00C45821 /* MyUtils-Prefix.pch */,
				B33BCEB117C99F0F00C45821 /* Default.png */,
				B33BCEB317C99F0F00C45821 /* Default@2x.png */,
				B33BCEB517C99F0F00C45821 /* Default-568h@2x.png */,
			);
			name = "Supporting Files";
			sourceTree = "<group>";
		};
		B33BCEC217C99F3100C45821 /* MyUtils */ = {
			isa = PBXGroup;
			children = (
				04CB7A80186C368C00F473E9 /* StringUtil.m */,
				04CB7A81186C368C00F473E9 /* StringUtil.h */,
				B3FE253117CCC89200BC81AF /* AttentionUtil.h */,
				B3FE253217CCC89200BC81AF /* AttentionUtil.m */,
				B33BCEC317C99F6300C45821 /* DateUtil.h */,
				B33BCEC417C99F6300C45821 /* DateUtil.m */,
				B33BCECD17C9A25F00C45821 /* ColorUtil.h */,
				B33BCECE17C9A25F00C45821 /* ColorUtil.m */,
			);
			name = MyUtils;
			sourceTree = "<group>";
		};
/* End PBXGroup section */

/* Begin PBXNativeTarget section */
		B33BCE9B17C99F0F00C45821 /* MyUtils */ = {
			isa = PBXNativeTarget;
			buildConfigurationList = B33BCEBF17C99F0F00C45821 /* Build configuration list for PBXNativeTarget "MyUtils" */;
			buildPhases = (
				B33BCE9817C99F0F00C45821 /* Sources */,
				B33BCE9917C99F0F00C45821 /* Frameworks */,
				B33BCE9A17C99F0F00C45821 /* Resources */,
			);
			buildRules = (
			);
			dependencies = (
			);
			name = MyUtils;
			productName = MyUtils;
			productReference = B33BCE9C17C99F0F00C45821 /* MyUtils.app */;
			productType = "com.apple.product-type.application";
		};
/* End PBXNativeTarget section */

/* Begin PBXProject section */
		B33BCE9417C99F0F00C45821 /* Project object */ = {
			isa = PBXProject;
			attributes = {
				LastUpgradeCheck = 0460;
				ORGANIZATIONNAME = Hendy;
			};
			buildConfigurationList = B33BCE9717C99F0F00C45821 /* Build configuration list for PBXProject "MyUtils" */;
			compatibilityVersion = "Xcode 3.2";
			developmentRegion = English;
			hasScannedForEncodings = 0;
			knownRegions = (
				en,
			);
			mainGroup = B33BCE9317C99F0F00C45821;
			productRefGroup = B33BCE9D17C99F0F00C45821 /* Products */;
			projectDirPath = "";
			projectRoot = "";
			targets = (
				B33BCE9B17C99F0F00C45821 /* MyUtils */,
			);
		};
/* End PBXProject section */

/* Begin PBXResourcesBuildPhase section */
		B33BCE9A17C99F0F00C45821 /* Resources */ = {
			isa = PBXResourcesBuildPhase;
			buildActionMask = 2147483647;
			files = (
				B33BCEAA17C99F0F00C45821 /* InfoPlist.strings in Resources */,
				B33BCEB217C99F0F00C45821 /* Default.png in Resources */,
				B33BCEB417C99F0F00C45821 /* Default@2x.png in Resources */,
				B33BCEB617C99F0F00C45821 /* Default-568h@2x.png in Resources */,
				B33BCEB917C99F0F00C45821 /* MainStoryboard.storyboard in Resources */,
			);
			runOnlyForDeploymentPostprocessing = 0;
		};
/* End PBXResourcesBuildPhase section */

/* Begin PBXSourcesBuildPhase section */
		B33BCE9817C99F0F00C45821 /* Sources */ = {
			isa = PBXSourcesBuildPhase;
			buildActionMask = 2147483647;
			files = (
				B33BCEAC17C99F0F00C45821 /* main.m in Sources */,
				B33BCEB017C99F0F00C45821 /* AppDelegate.m in Sources */,
				B33BCEBC17C99F0F00C45821 /* ViewController.m in Sources */,
				B33BCEC717C99F6300C45821 /* DateUtil.m in Sources */,
				B33BCECF17C9A25F00C45821 /* ColorUtil.m in Sources */,
				B3FE253317CCC89200BC81AF /* AttentionUtil.m in Sources */,
				04CB7A82186C368C00F473E9 /* StringUtil.m in Sources */,
			);
			runOnlyForDeploymentPostprocessing = 0;
		};
/* End PBXSourcesBuildPhase section */

/* Begin PBXVariantGroup section */
		B33BCEA817C99F0F00C45821 /* InfoPlist.strings */ = {
			isa = PBXVariantGroup;
			children = (
				B33BCEA917C99F0F00C45821 /* en */,
			);
			name = InfoPlist.strings;
			sourceTree = "<group>";
		};
		B33BCEB717C99F0F00C45821 /* MainStoryboard.storyboard */ = {
			isa = PBXVariantGroup;
			children = (
				B33BCEB817C99F0F00C45821 /* en */,
			);
			name = MainStoryboard.storyboard;
			sourceTree = "<group>";
		};
/* End PBXVariantGroup section */

/* Begin XCBuildConfiguration section */
		B33BCEBD17C99F0F00C45821 /* Debug */ = {
			isa = XCBuildConfiguration;
			buildSettings = {
				ALWAYS_SEARCH_USER_PATHS = NO;
				CLANG_CXX_LANGUAGE_STANDARD = "gnu++0x";
				CLANG_CXX_LIBRARY = "libc++";
				CLANG_WARN_CONSTANT_CONVERSION = YES;
				CLANG_WARN_EMPTY_BODY = YES;
				CLANG_WARN_ENUM_CONVERSION = YES;
				CLANG_WARN_INT_CONVERSION = YES;
				CLANG_WARN__DUPLICATE_METHOD_MATCH = YES;
				"CODE_SIGN_IDENTITY[sdk=iphoneos*]" = "iPhone Developer";
				COPY_PHASE_STRIP = NO;
				GCC_C_LANGUAGE_STANDARD = gnu99;
				GCC_DYNAMIC_NO_PIC = NO;
				GCC_OPTIMIZATION_LEVEL = 0;
				GCC_PREPROCESSOR_DEFINITIONS = (
					"DEBUG=1",
					"$(inherited)",
				);
				GCC_SYMBOLS_PRIVATE_EXTERN = NO;
				GCC_WARN_ABOUT_RETURN_TYPE = YES;
				GCC_WARN_UNINITIALIZED_AUTOS = YES;
				GCC_WARN_UNUSED_VARIABLE = YES;
				IPHONEOS_DEPLOYMENT_TARGET = 6.1;
				ONLY_ACTIVE_ARCH = YES;
				SDKROOT = iphoneos;
			};
			name = Debug;
		};
		B33BCEBE17C99F0F00C45821 /* Release */ = {
			isa = XCBuildConfiguration;
			buildSettings = {
				ALWAYS_SEARCH_USER_PATHS = NO;
				CLANG_CXX_LANGUAGE_STANDARD = "gnu++0x";
				CLANG_CXX_LIBRARY = "libc++";
				CLANG_WARN_CONSTANT_CONVERSION = YES;
				CLANG_WARN_EMPTY_BODY = YES;
				CLANG_WARN_ENUM_CONVERSION = YES;
				CLANG_WARN_INT_CONVERSION = YES;
				CLANG_WARN__DUPLICATE_METHOD_MATCH = YES;
				"CODE_SIGN_IDENTITY[sdk=iphoneos*]" = "iPhone Developer";
				COPY_PHASE_STRIP = YES;
				GCC_C_LANGUAGE_STANDARD = gnu99;
				GCC_WARN_ABOUT_RETURN_TYPE = YES;
				GCC_WARN_UNINITIALIZED_AUTOS = YES;
				GCC_WARN_UNUSED_VARIABLE = YES;
				IPHONEOS_DEPLOYMENT_TARGET = 6.1;
				OTHER_CFLAGS = "-DNS_BLOCK_ASSERTIONS=1";
				SDKROOT = iphoneos;
				VALIDATE_PRODUCT = YES;
			};
			name = Release;
		};
		B33BCEC017C99F0F00C45821 /* Debug */ = {
			isa = XCBuildConfiguration;
			buildSettings = {
				GCC_PRECOMPILE_PREFIX_HEADER = YES;
				GCC_PREFIX_HEADER = "MyUtils/MyUtils-Prefix.pch";
				INFOPLIST_FILE = "MyUtils/MyUtils-Info.plist";
				PRODUCT_NAME = "$(TARGET_NAME)";
				WRAPPER_EXTENSION = app;
			};
			name = Debug;
		};
		B33BCEC117C99F0F00C45821 /* Release */ = {
			isa = XCBuildConfiguration;
			buildSettings = {
				GCC_PRECOMPILE_PREFIX_HEADER = YES;
				GCC_PREFIX_HEADER = "MyUtils/MyUtils-Prefix.pch";
				INFOPLIST_FILE = "MyUtils/MyUtils-Info.plist";
				PRODUCT_NAME = "$(TARGET_NAME)";
				WRAPPER_EXTENSION = app;
			};
			name = Release;
		};
/* End XCBuildConfiguration section */

/* Begin XCConfigurationList section */
		B33BCE9717C99F0F00C45821 /* Build configuration list for PBXProject "MyUtils" */ = {
			isa = XCConfigurationList;
			buildConfigurations = (
				B33BCEBD17C99F0F00C45821 /* Debug */,
				B33BCEBE17C99F0F00C45821 /* Release */,
			);
			defaultConfigurationIsVisible = 0;
			defaultConfigurationName = Release;
		};
		B33BCEBF17C99F0F00C45821 /* Build configuration list for PBXNativeTarget "MyUtils" */ = {
			isa = XCConfigurationList;
			buildConfigurations = (
				B33BCEC017C99F0F00C45821 /* Debug */,
				B33BCEC117C99F0F00C45821 /* Release */,
			);
			defaultConfigurationIsVisible = 0;
			defaultConfigurationName = Release;
		};
/* End XCConfigurationList section */
	};
	rootObject = B33BCE9417C99F0F00C45821 /* Project object */;
}
